// !$*UTF8*$!
{
	archiveVersion = 1;
	classes = {
	};
	objectVersion = 54;
	objects = {

/* Begin PBXBuildFile section */
		9575A738253860FD00AFA2CC /* Assets.xcassets in Resources */ = {isa = PBXBuildFile; fileRef = 9575A737253860FD00AFA2CC /* Assets.xcassets */; };
		9575A73B253860FD00AFA2CC /* Preview Assets.xcassets in Resources */ = {isa = PBXBuildFile; fileRef = 9575A73A253860FD00AFA2CC /* Preview Assets.xcassets */; };
		95A1E36E2540375800052C21 /* APIRequest.swift in Sources */ = {isa = PBXBuildFile; fileRef = 95A1E36D2540375800052C21 /* APIRequest.swift */; };
		95A1E37225403DC400052C21 /* NewsViewModel.swift in Sources */ = {isa = PBXBuildFile; fileRef = 95A1E37125403DC400052C21 /* NewsViewModel.swift */; };
		95A8525025388F47007A1D16 /* HackerNewsApp.swift in Sources */ = {isa = PBXBuildFile; fileRef = 95A8524D25388F47007A1D16 /* HackerNewsApp.swift */; };
		95A8525125388F47007A1D16 /* NewsView.swift in Sources */ = {isa = PBXBuildFile; fileRef = 95A8524E25388F47007A1D16 /* NewsView.swift */; };
		95A8525425388FB1007A1D16 /* Item.swift in Sources */ = {isa = PBXBuildFile; fileRef = 95A8525325388FB1007A1D16 /* Item.swift */; };
		95A852572538913B007A1D16 /* Story.json in Resources */ = {isa = PBXBuildFile; fileRef = 95A852562538913B007A1D16 /* Story.json */; };
		95A8525A25389192007A1D16 /* TestData.swift in Sources */ = {isa = PBXBuildFile; fileRef = 95A8525925389192007A1D16 /* TestData.swift */; };
		95A8525D253893ED007A1D16 /* Formatting.swift in Sources */ = {isa = PBXBuildFile; fileRef = 95A8525C253893ED007A1D16 /* Formatting.swift */; };
		F425634228E67CBF00D8884E /* GoogleService-Info.plist in Resources */ = {isa = PBXBuildFile; fileRef = F425634128E67CBF00D8884E /* GoogleService-Info.plist */; };
		F425634528E6867800D8884E /* FirebaseAnalytics in Frameworks */ = {isa = PBXBuildFile; productRef = F425634428E6867800D8884E /* FirebaseAnalytics */; };
		F42E038828C5C15B00E31BCA /* WebView.swift in Sources */ = {isa = PBXBuildFile; fileRef = F42E038728C5C15B00E31BCA /* WebView.swift */; };
		F42E038A28C5C18B00E31BCA /* DetailView.swift in Sources */ = {isa = PBXBuildFile; fileRef = F42E038928C5C18B00E31BCA /* DetailView.swift */; };
		F432E53628D7A3A1000DD37D /* Launch Screen.storyboard in Resources */ = {isa = PBXBuildFile; fileRef = F432E53528D7A3A1000DD37D /* Launch Screen.storyboard */; };
		F479FB6028D44D240037B3F9 /* DataController.swift in Sources */ = {isa = PBXBuildFile; fileRef = F479FB5F28D44D240037B3F9 /* DataController.swift */; };
		F479FB6328D44D730037B3F9 /* NewsApp.xcdatamodeld in Sources */ = {isa = PBXBuildFile; fileRef = F479FB6128D44D730037B3F9 /* NewsApp.xcdatamodeld */; };
		F4AAD88428DBBAFF0068F6F3 /* NotificationManager.swift in Sources */ = {isa = PBXBuildFile; fileRef = F4AAD88328DBBAFF0068F6F3 /* NotificationManager.swift */; };
		F4C72F1228E53C8C006909E5 /* ActivityViewController.swift in Sources */ = {isa = PBXBuildFile; fileRef = F4C72F1128E53C8C006909E5 /* ActivityViewController.swift */; };
		F4C72F1528E54A25006909E5 /* SheetManager.swift in Sources */ = {isa = PBXBuildFile; fileRef = F4C72F1428E54A25006909E5 /* SheetManager.swift */; };
		F4C72F1728E54AC1006909E5 /* FavoriteSheetManager.swift in Sources */ = {isa = PBXBuildFile; fileRef = F4C72F1628E54AC1006909E5 /* FavoriteSheetManager.swift */; };
		F4DF63862AE07A4800698F66 /* Comment.swift in Sources */ = {isa = PBXBuildFile; fileRef = F4DF63852AE07A4800698F66 /* Comment.swift */; };
		F4DF63882AE0854B00698F66 /* CommentsViewModel.swift in Sources */ = {isa = PBXBuildFile; fileRef = F4DF63872AE0854B00698F66 /* CommentsViewModel.swift */; };
		F4DF638A2AE1A9D200698F66 /* HTMLStringView.swift in Sources */ = {isa = PBXBuildFile; fileRef = F4DF63892AE1A9D200698F66 /* HTMLStringView.swift */; };
		F4E3A06B28E2A0E50035F0E9 /* CustomColorPicker.swift in Sources */ = {isa = PBXBuildFile; fileRef = F4E3A06A28E2A0E50035F0E9 /* CustomColorPicker.swift */; };
		F4E3A07128E3A6070035F0E9 /* ColorData.swift in Sources */ = {isa = PBXBuildFile; fileRef = F4E3A07028E3A6070035F0E9 /* ColorData.swift */; };
/* End PBXBuildFile section */

/* Begin PBXFileReference section */
		9575A730253860F900AFA2CC /* HN Reader.app */ = {isa = PBXFileReference; explicitFileType = wrapper.application; includeInIndex = 0; path = "HN Reader.app"; sourceTree = BUILT_PRODUCTS_DIR; };
		9575A737253860FD00AFA2CC /* Assets.xcassets */ = {isa = PBXFileReference; lastKnownFileType = folder.assetcatalog; path = Assets.xcassets; sourceTree = "<group>"; };
		9575A73A253860FD00AFA2CC /* Preview Assets.xcassets */ = {isa = PBXFileReference; lastKnownFileType = folder.assetcatalog; path = "Preview Assets.xcassets"; sourceTree = "<group>"; };
		9575A73C253860FD00AFA2CC /* Info.plist */ = {isa = PBXFileReference; lastKnownFileType = text.plist.xml; path = Info.plist; sourceTree = "<group>"; };
		95A1E36D2540375800052C21 /* APIRequest.swift */ = {isa = PBXFileReference; lastKnownFileType = sourcecode.swift; path = APIRequest.swift; sourceTree = "<group>"; };
		95A1E37125403DC400052C21 /* NewsViewModel.swift */ = {isa = PBXFileReference; lastKnownFileType = sourcecode.swift; path = NewsViewModel.swift; sourceTree = "<group>"; };
		95A8524D25388F47007A1D16 /* HackerNewsApp.swift */ = {isa = PBXFileReference; fileEncoding = 4; lastKnownFileType = sourcecode.swift; path = HackerNewsApp.swift; sourceTree = "<group>"; };
		95A8524E25388F47007A1D16 /* NewsView.swift */ = {isa = PBXFileReference; fileEncoding = 4; lastKnownFileType = sourcecode.swift; path = NewsView.swift; sourceTree = "<group>"; };
		95A8525325388FB1007A1D16 /* Item.swift */ = {isa = PBXFileReference; lastKnownFileType = sourcecode.swift; path = Item.swift; sourceTree = "<group>"; };
		95A852562538913B007A1D16 /* Story.json */ = {isa = PBXFileReference; lastKnownFileType = text.json; path = Story.json; sourceTree = "<group>"; };
		95A8525925389192007A1D16 /* TestData.swift */ = {isa = PBXFileReference; lastKnownFileType = sourcecode.swift; path = TestData.swift; sourceTree = "<group>"; };
		95A8525C253893ED007A1D16 /* Formatting.swift */ = {isa = PBXFileReference; lastKnownFileType = sourcecode.swift; path = Formatting.swift; sourceTree = "<group>"; };
		F425634128E67CBF00D8884E /* GoogleService-Info.plist */ = {isa = PBXFileReference; fileEncoding = 4; lastKnownFileType = text.plist.xml; path = "GoogleService-Info.plist"; sourceTree = "<group>"; };
		F42E038728C5C15B00E31BCA /* WebView.swift */ = {isa = PBXFileReference; lastKnownFileType = sourcecode.swift; path = WebView.swift; sourceTree = "<group>"; };
		F42E038928C5C18B00E31BCA /* DetailView.swift */ = {isa = PBXFileReference; lastKnownFileType = sourcecode.swift; path = DetailView.swift; sourceTree = "<group>"; };
		F432E53528D7A3A1000DD37D /* Launch Screen.storyboard */ = {isa = PBXFileReference; lastKnownFileType = file.storyboard; path = "Launch Screen.storyboard"; sourceTree = "<group>"; };
		F479FB5F28D44D240037B3F9 /* DataController.swift */ = {isa = PBXFileReference; lastKnownFileType = sourcecode.swift; path = DataController.swift; sourceTree = "<group>"; };
		F479FB6228D44D730037B3F9 /* FavoriteItem.xcdatamodel */ = {isa = PBXFileReference; lastKnownFileType = wrapper.xcdatamodel; path = FavoriteItem.xcdatamodel; sourceTree = "<group>"; };
		F4AAD88328DBBAFF0068F6F3 /* NotificationManager.swift */ = {isa = PBXFileReference; lastKnownFileType = sourcecode.swift; path = NotificationManager.swift; sourceTree = "<group>"; };
		F4C72F1128E53C8C006909E5 /* ActivityViewController.swift */ = {isa = PBXFileReference; lastKnownFileType = sourcecode.swift; path = ActivityViewController.swift; sourceTree = "<group>"; };
		F4C72F1428E54A25006909E5 /* SheetManager.swift */ = {isa = PBXFileReference; lastKnownFileType = sourcecode.swift; path = SheetManager.swift; sourceTree = "<group>"; };
		F4C72F1628E54AC1006909E5 /* FavoriteSheetManager.swift */ = {isa = PBXFileReference; lastKnownFileType = sourcecode.swift; path = FavoriteSheetManager.swift; sourceTree = "<group>"; };
		F4DF63852AE07A4800698F66 /* Comment.swift */ = {isa = PBXFileReference; lastKnownFileType = sourcecode.swift; path = Comment.swift; sourceTree = "<group>"; };
		F4DF63872AE0854B00698F66 /* CommentsViewModel.swift */ = {isa = PBXFileReference; lastKnownFileType = sourcecode.swift; path = CommentsViewModel.swift; sourceTree = "<group>"; };
		F4DF63892AE1A9D200698F66 /* HTMLStringView.swift */ = {isa = PBXFileReference; lastKnownFileType = sourcecode.swift; path = HTMLStringView.swift; sourceTree = "<group>"; };
		F4E3A06A28E2A0E50035F0E9 /* CustomColorPicker.swift */ = {isa = PBXFileReference; lastKnownFileType = sourcecode.swift; path = CustomColorPicker.swift; sourceTree = "<group>"; };
		F4E3A07028E3A6070035F0E9 /* ColorData.swift */ = {isa = PBXFileReference; lastKnownFileType = sourcecode.swift; path = ColorData.swift; sourceTree = "<group>"; };
/* End PBXFileReference section */

/* Begin PBXFrameworksBuildPhase section */
		9575A72D253860F900AFA2CC /* Frameworks */ = {
			isa = PBXFrameworksBuildPhase;
			buildActionMask = 2147483647;
			files = (
				F425634528E6867800D8884E /* FirebaseAnalytics in Frameworks */,
			);
			runOnlyForDeploymentPostprocessing = 0;
		};
/* End PBXFrameworksBuildPhase section */

/* Begin PBXGroup section */
		9575A727253860F900AFA2CC = {
			isa = PBXGroup;
			children = (
				9575A732253860F900AFA2CC /* HackerNews */,
				9575A731253860F900AFA2CC /* Products */,
			);
			sourceTree = "<group>";
		};
		9575A731253860F900AFA2CC /* Products */ = {
			isa = PBXGroup;
			children = (
				9575A730253860F900AFA2CC /* HN Reader.app */,
			);
			name = Products;
			sourceTree = "<group>";
		};
		9575A732253860F900AFA2CC /* HackerNews */ = {
			isa = PBXGroup;
			children = (
				95A8524D25388F47007A1D16 /* HackerNewsApp.swift */,
				F4E3A07228E3ACD80035F0E9 /* View */,
				F4E3A07328E3ACE00035F0E9 /* ViewModel */,
				F4E3A07928E3ADBB0035F0E9 /* Networking */,
				F4E3A07428E3ACE70035F0E9 /* Model */,
				F4E3A07528E3ACF70035F0E9 /* CoreData */,
				F4E3A07628E3AD100035F0E9 /* Notifications */,
				F4E3A07728E3AD2E0035F0E9 /* ColorPicker */,
				F4E3A07828E3ADA20035F0E9 /* FormatHelper */,
				F4C72F1328E53C97006909E5 /* ShareSheet */,
				9575A737253860FD00AFA2CC /* Assets.xcassets */,
				9575A73C253860FD00AFA2CC /* Info.plist */,
				95A8525925389192007A1D16 /* TestData.swift */,
				F425634128E67CBF00D8884E /* GoogleService-Info.plist */,
				9575A739253860FD00AFA2CC /* Preview Content */,
			);
			path = HackerNews;
			sourceTree = "<group>";
		};
		9575A739253860FD00AFA2CC /* Preview Content */ = {
			isa = PBXGroup;
			children = (
				9575A73A253860FD00AFA2CC /* Preview Assets.xcassets */,
				95A852562538913B007A1D16 /* Story.json */,
			);
			path = "Preview Content";
			sourceTree = "<group>";
		};
		F4C72F1328E53C97006909E5 /* ShareSheet */ = {
			isa = PBXGroup;
			children = (
				F4C72F1128E53C8C006909E5 /* ActivityViewController.swift */,
				F4C72F1428E54A25006909E5 /* SheetManager.swift */,
				F4C72F1628E54AC1006909E5 /* FavoriteSheetManager.swift */,
			);
			path = ShareSheet;
			sourceTree = "<group>";
		};
		F4E3A07228E3ACD80035F0E9 /* View */ = {
			isa = PBXGroup;
			children = (
				95A8524E25388F47007A1D16 /* NewsView.swift */,
				F42E038928C5C18B00E31BCA /* DetailView.swift */,
				F42E038728C5C15B00E31BCA /* WebView.swift */,
				F4E3A06A28E2A0E50035F0E9 /* CustomColorPicker.swift */,
				F432E53528D7A3A1000DD37D /* Launch Screen.storyboard */,
				F4DF63892AE1A9D200698F66 /* HTMLStringView.swift */,
			);
			path = View;
			sourceTree = "<group>";
		};
		F4E3A07328E3ACE00035F0E9 /* ViewModel */ = {
			isa = PBXGroup;
			children = (
				95A1E37125403DC400052C21 /* NewsViewModel.swift */,
				F4DF63872AE0854B00698F66 /* CommentsViewModel.swift */,
			);
			path = ViewModel;
			sourceTree = "<group>";
		};
		F4E3A07428E3ACE70035F0E9 /* Model */ = {
			isa = PBXGroup;
			children = (
				95A8525325388FB1007A1D16 /* Item.swift */,
				F4DF63852AE07A4800698F66 /* Comment.swift */,
			);
			path = Model;
			sourceTree = "<group>";
		};
		F4E3A07528E3ACF70035F0E9 /* CoreData */ = {
			isa = PBXGroup;
			children = (
				F479FB5F28D44D240037B3F9 /* DataController.swift */,
				F479FB6128D44D730037B3F9 /* NewsApp.xcdatamodeld */,
			);
			path = CoreData;
			sourceTree = "<group>";
		};
		F4E3A07628E3AD100035F0E9 /* Notifications */ = {
			isa = PBXGroup;
			children = (
				F4AAD88328DBBAFF0068F6F3 /* NotificationManager.swift */,
			);
			path = Notifications;
			sourceTree = "<group>";
		};
		F4E3A07728E3AD2E0035F0E9 /* ColorPicker */ = {
			isa = PBXGroup;
			children = (
				F4E3A07028E3A6070035F0E9 /* ColorData.swift */,
			);
			path = ColorPicker;
			sourceTree = "<group>";
		};
		F4E3A07828E3ADA20035F0E9 /* FormatHelper */ = {
			isa = PBXGroup;
			children = (
				95A8525C253893ED007A1D16 /* Formatting.swift */,
			);
			path = FormatHelper;
			sourceTree = "<group>";
		};
		F4E3A07928E3ADBB0035F0E9 /* Networking */ = {
			isa = PBXGroup;
			children = (
				95A1E36D2540375800052C21 /* APIRequest.swift */,
			);
			path = Networking;
			sourceTree = "<group>";
		};
/* End PBXGroup section */

/* Begin PBXNativeTarget section */
		9575A72F253860F900AFA2CC /* HN Reader */ = {
			isa = PBXNativeTarget;
			buildConfigurationList = 9575A73F253860FD00AFA2CC /* Build configuration list for PBXNativeTarget "HN Reader" */;
			buildPhases = (
				9575A72C253860F900AFA2CC /* Sources */,
				9575A72D253860F900AFA2CC /* Frameworks */,
				9575A72E253860F900AFA2CC /* Resources */,
			);
			buildRules = (
			);
			dependencies = (
			);
			name = "HN Reader";
			packageProductDependencies = (
				F425634428E6867800D8884E /* FirebaseAnalytics */,
			);
			productName = HackerNews;
			productReference = 9575A730253860F900AFA2CC /* HN Reader.app */;
			productType = "com.apple.product-type.application";
		};
/* End PBXNativeTarget section */

/* Begin PBXProject section */
		9575A728253860F900AFA2CC /* Project object */ = {
			isa = PBXProject;
			attributes = {
				LastSwiftUpdateCheck = 1200;
				LastUpgradeCheck = 1200;
				TargetAttributes = {
					9575A72F253860F900AFA2CC = {
						CreatedOnToolsVersion = 12.0;
					};
				};
			};
			buildConfigurationList = 9575A72B253860F900AFA2CC /* Build configuration list for PBXProject "HackerNewsReader" */;
			compatibilityVersion = "Xcode 9.3";
			developmentRegion = en;
			hasScannedForEncodings = 0;
			knownRegions = (
				en,
				Base,
			);
			mainGroup = 9575A727253860F900AFA2CC;
			packageReferences = (
				F425634328E6867800D8884E /* XCRemoteSwiftPackageReference "firebase-ios-sdk" */,
			);
			productRefGroup = 9575A731253860F900AFA2CC /* Products */;
			projectDirPath = "";
			projectRoot = "";
			targets = (
				9575A72F253860F900AFA2CC /* HN Reader */,
			);
		};
/* End PBXProject section */

/* Begin PBXResourcesBuildPhase section */
		9575A72E253860F900AFA2CC /* Resources */ = {
			isa = PBXResourcesBuildPhase;
			buildActionMask = 2147483647;
			files = (
				9575A73B253860FD00AFA2CC /* Preview Assets.xcassets in Resources */,
				9575A738253860FD00AFA2CC /* Assets.xcassets in Resources */,
				F425634228E67CBF00D8884E /* GoogleService-Info.plist in Resources */,
				F432E53628D7A3A1000DD37D /* Launch Screen.storyboard in Resources */,
				95A852572538913B007A1D16 /* Story.json in Resources */,
			);
			runOnlyForDeploymentPostprocessing = 0;
		};
/* End PBXResourcesBuildPhase section */

/* Begin PBXSourcesBuildPhase section */
		9575A72C253860F900AFA2CC /* Sources */ = {
			isa = PBXSourcesBuildPhase;
			buildActionMask = 2147483647;
			files = (
				95A1E37225403DC400052C21 /* NewsViewModel.swift in Sources */,
				F4C72F1528E54A25006909E5 /* SheetManager.swift in Sources */,
				F4E3A06B28E2A0E50035F0E9 /* CustomColorPicker.swift in Sources */,
				F4E3A07128E3A6070035F0E9 /* ColorData.swift in Sources */,
				F479FB6328D44D730037B3F9 /* NewsApp.xcdatamodeld in Sources */,
				F42E038A28C5C18B00E31BCA /* DetailView.swift in Sources */,
				F4DF638A2AE1A9D200698F66 /* HTMLStringView.swift in Sources */,
				F42E038828C5C15B00E31BCA /* WebView.swift in Sources */,
				F4DF63862AE07A4800698F66 /* Comment.swift in Sources */,
				95A1E36E2540375800052C21 /* APIRequest.swift in Sources */,
				95A8525425388FB1007A1D16 /* Item.swift in Sources */,
				F4AAD88428DBBAFF0068F6F3 /* NotificationManager.swift in Sources */,
				F479FB6028D44D240037B3F9 /* DataController.swift in Sources */,
				95A8525125388F47007A1D16 /* NewsView.swift in Sources */,
				95A8525A25389192007A1D16 /* TestData.swift in Sources */,
				F4C72F1728E54AC1006909E5 /* FavoriteSheetManager.swift in Sources */,
				95A8525D253893ED007A1D16 /* Formatting.swift in Sources */,
				F4DF63882AE0854B00698F66 /* CommentsViewModel.swift in Sources */,
				F4C72F1228E53C8C006909E5 /* ActivityViewController.swift in Sources */,
				95A8525025388F47007A1D16 /* HackerNewsApp.swift in Sources */,
			);
			runOnlyForDeploymentPostprocessing = 0;
		};
/* End PBXSourcesBuildPhase section */

/* Begin XCBuildConfiguration section */
		9575A73D253860FD00AFA2CC /* Debug */ = {
			isa = XCBuildConfiguration;
			buildSettings = {
				ALWAYS_SEARCH_USER_PATHS = NO;
				CLANG_ANALYZER_NONNULL = YES;
				CLANG_ANALYZER_NUMBER_OBJECT_CONVERSION = YES_AGGRESSIVE;
				CLANG_CXX_LANGUAGE_STANDARD = "gnu++14";
				CLANG_CXX_LIBRARY = "libc++";
				CLANG_ENABLE_MODULES = YES;
				CLANG_ENABLE_OBJC_ARC = YES;
				CLANG_ENABLE_OBJC_WEAK = YES;
				CLANG_WARN_BLOCK_CAPTURE_AUTORELEASING = YES;
				CLANG_WARN_BOOL_CONVERSION = YES;
				CLANG_WARN_COMMA = YES;
				CLANG_WARN_CONSTANT_CONVERSION = YES;
				CLANG_WARN_DEPRECATED_OBJC_IMPLEMENTATIONS = YES;
				CLANG_WARN_DIRECT_OBJC_ISA_USAGE = YES_ERROR;
				CLANG_WARN_DOCUMENTATION_COMMENTS = YES;
				CLANG_WARN_EMPTY_BODY = YES;
				CLANG_WARN_ENUM_CONVERSION = YES;
				CLANG_WARN_INFINITE_RECURSION = YES;
				CLANG_WARN_INT_CONVERSION = YES;
				CLANG_WARN_NON_LITERAL_NULL_CONVERSION = YES;
				CLANG_WARN_OBJC_IMPLICIT_RETAIN_SELF = YES;
				CLANG_WARN_OBJC_LITERAL_CONVERSION = YES;
				CLANG_WARN_OBJC_ROOT_CLASS = YES_ERROR;
				CLANG_WARN_QUOTED_INCLUDE_IN_FRAMEWORK_HEADER = YES;
				CLANG_WARN_RANGE_LOOP_ANALYSIS = YES;
				CLANG_WARN_STRICT_PROTOTYPES = YES;
				CLANG_WARN_SUSPICIOUS_MOVE = YES;
				CLANG_WARN_UNGUARDED_AVAILABILITY = YES_AGGRESSIVE;
				CLANG_WARN_UNREACHABLE_CODE = YES;
				CLANG_WARN__DUPLICATE_METHOD_MATCH = YES;
				COPY_PHASE_STRIP = NO;
				DEBUG_INFORMATION_FORMAT = dwarf;
				ENABLE_STRICT_OBJC_MSGSEND = YES;
				ENABLE_TESTABILITY = YES;
				GCC_C_LANGUAGE_STANDARD = gnu11;
				GCC_DYNAMIC_NO_PIC = NO;
				GCC_NO_COMMON_BLOCKS = YES;
				GCC_OPTIMIZATION_LEVEL = 0;
				GCC_PREPROCESSOR_DEFINITIONS = (
					"DEBUG=1",
					"$(inherited)",
				);
				GCC_WARN_64_TO_32_BIT_CONVERSION = YES;
				GCC_WARN_ABOUT_RETURN_TYPE = YES_ERROR;
				GCC_WARN_UNDECLARED_SELECTOR = YES;
				GCC_WARN_UNINITIALIZED_AUTOS = YES_AGGRESSIVE;
				GCC_WARN_UNUSED_FUNCTION = YES;
				GCC_WARN_UNUSED_VARIABLE = YES;
				IPHONEOS_DEPLOYMENT_TARGET = 15.2;
				MTL_ENABLE_DEBUG_INFO = INCLUDE_SOURCE;
				MTL_FAST_MATH = YES;
				ONLY_ACTIVE_ARCH = YES;
				OTHER_LDFLAGS = "-ObjC";
				SDKROOT = iphoneos;
				SWIFT_ACTIVE_COMPILATION_CONDITIONS = DEBUG;
				SWIFT_OPTIMIZATION_LEVEL = "-Onone";
			};
			name = Debug;
		};
		9575A73E253860FD00AFA2CC /* Release */ = {
			isa = XCBuildConfiguration;
			buildSettings = {
				ALWAYS_SEARCH_USER_PATHS = NO;
				CLANG_ANALYZER_NONNULL = YES;
				CLANG_ANALYZER_NUMBER_OBJECT_CONVERSION = YES_AGGRESSIVE;
				CLANG_CXX_LANGUAGE_STANDARD = "gnu++14";
				CLANG_CXX_LIBRARY = "libc++";
				CLANG_ENABLE_MODULES = YES;
				CLANG_ENABLE_OBJC_ARC = YES;
				CLANG_ENABLE_OBJC_WEAK = YES;
				CLANG_WARN_BLOCK_CAPTURE_AUTORELEASING = YES;
				CLANG_WARN_BOOL_CONVERSION = YES;
				CLANG_WARN_COMMA = YES;
				CLANG_WARN_CONSTANT_CONVERSION = YES;
				CLANG_WARN_DEPRECATED_OBJC_IMPLEMENTATIONS = YES;
				CLANG_WARN_DIRECT_OBJC_ISA_USAGE = YES_ERROR;
				CLANG_WARN_DOCUMENTATION_COMMENTS = YES;
				CLANG_WARN_EMPTY_BODY = YES;
				CLANG_WARN_ENUM_CONVERSION = YES;
				CLANG_WARN_INFINITE_RECURSION = YES;
				CLANG_WARN_INT_CONVERSION = YES;
				CLANG_WARN_NON_LITERAL_NULL_CONVERSION = YES;
				CLANG_WARN_OBJC_IMPLICIT_RETAIN_SELF = YES;
				CLANG_WARN_OBJC_LITERAL_CONVERSION = YES;
				CLANG_WARN_OBJC_ROOT_CLASS = YES_ERROR;
				CLANG_WARN_QUOTED_INCLUDE_IN_FRAMEWORK_HEADER = YES;
				CLANG_WARN_RANGE_LOOP_ANALYSIS = YES;
				CLANG_WARN_STRICT_PROTOTYPES = YES;
				CLANG_WARN_SUSPICIOUS_MOVE = YES;
				CLANG_WARN_UNGUARDED_AVAILABILITY = YES_AGGRESSIVE;
				CLANG_WARN_UNREACHABLE_CODE = YES;
				CLANG_WARN__DUPLICATE_METHOD_MATCH = YES;
				COPY_PHASE_STRIP = NO;
				DEBUG_INFORMATION_FORMAT = "dwarf-with-dsym";
				ENABLE_NS_ASSERTIONS = NO;
				ENABLE_STRICT_OBJC_MSGSEND = YES;
				GCC_C_LANGUAGE_STANDARD = gnu11;
				GCC_NO_COMMON_BLOCKS = YES;
				GCC_WARN_64_TO_32_BIT_CONVERSION = YES;
				GCC_WARN_ABOUT_RETURN_TYPE = YES_ERROR;
				GCC_WARN_UNDECLARED_SELECTOR = YES;
				GCC_WARN_UNINITIALIZED_AUTOS = YES_AGGRESSIVE;
				GCC_WARN_UNUSED_FUNCTION = YES;
				GCC_WARN_UNUSED_VARIABLE = YES;
				IPHONEOS_DEPLOYMENT_TARGET = 15.2;
				MTL_ENABLE_DEBUG_INFO = NO;
				MTL_FAST_MATH = YES;
				OTHER_LDFLAGS = "-ObjC";
				SDKROOT = iphoneos;
				SWIFT_COMPILATION_MODE = wholemodule;
				SWIFT_OPTIMIZATION_LEVEL = "-O";
				VALIDATE_PRODUCT = YES;
			};
			name = Release;
		};
		9575A740253860FD00AFA2CC /* Debug */ = {
			isa = XCBuildConfiguration;
			buildSettings = {
				ASSETCATALOG_COMPILER_APPICON_NAME = AppIcon;
				ASSETCATALOG_COMPILER_GLOBAL_ACCENT_COLOR_NAME = AccentColor;
				CODE_SIGN_STYLE = Automatic;
				CURRENT_PROJECT_VERSION = 3;
				DEVELOPMENT_ASSET_PATHS = "\"HackerNews/Preview Content\"";
				DEVELOPMENT_TEAM = 3Z26732YPL;
				ENABLE_PREVIEWS = YES;
				INFOPLIST_FILE = HackerNews/Info.plist;
				IPHONEOS_DEPLOYMENT_TARGET = 15.2;
				LD_RUNPATH_SEARCH_PATHS = (
					"$(inherited)",
					"@executable_path/Frameworks",
				);
				MARKETING_VERSION = 1.2;
				PRODUCT_BUNDLE_IDENTIFIER = com.michaelhsieh.HackerNewsReader;
				PRODUCT_NAME = "$(TARGET_NAME)";
				SWIFT_VERSION = 5.0;
				TARGETED_DEVICE_FAMILY = "1,2";
			};
			name = Debug;
		};
		9575A741253860FD00AFA2CC /* Release */ = {
			isa = XCBuildConfiguration;
			buildSettings = {
				ASSETCATALOG_COMPILER_APPICON_NAME = AppIcon;
				ASSETCATALOG_COMPILER_GLOBAL_ACCENT_COLOR_NAME = AccentColor;
				CODE_SIGN_STYLE = Automatic;
				CURRENT_PROJECT_VERSION = 3;
				DEVELOPMENT_ASSET_PATHS = "\"HackerNews/Preview Content\"";
				DEVELOPMENT_TEAM = 3Z26732YPL;
				ENABLE_PREVIEWS = YES;
				INFOPLIST_FILE = HackerNews/Info.plist;
				IPHONEOS_DEPLOYMENT_TARGET = 15.2;
				LD_RUNPATH_SEARCH_PATHS = (
					"$(inherited)",
					"@executable_path/Frameworks",
				);
				MARKETING_VERSION = 1.2;
				PRODUCT_BUNDLE_IDENTIFIER = com.michaelhsieh.HackerNewsReader;
				PRODUCT_NAME = "$(TARGET_NAME)";
				SWIFT_VERSION = 5.0;
				TARGETED_DEVICE_FAMILY = "1,2";
			};
			name = Release;
		};
/* End XCBuildConfiguration section */

/* Begin XCConfigurationList section */
		9575A72B253860F900AFA2CC /* Build configuration list for PBXProject "HackerNewsReader" */ = {
			isa = XCConfigurationList;
			buildConfigurations = (
				9575A73D253860FD00AFA2CC /* Debug */,
				9575A73E253860FD00AFA2CC /* Release */,
			);
			defaultConfigurationIsVisible = 0;
			defaultConfigurationName = Release;
		};
		9575A73F253860FD00AFA2CC /* Build configuration list for PBXNativeTarget "HN Reader" */ = {
			isa = XCConfigurationList;
			buildConfigurations = (
				9575A740253860FD00AFA2CC /* Debug */,
				9575A741253860FD00AFA2CC /* Release */,
			);
			defaultConfigurationIsVisible = 0;
			defaultConfigurationName = Release;
		};
/* End XCConfigurationList section */

/* Begin XCRemoteSwiftPackageReference section */
		F425634328E6867800D8884E /* XCRemoteSwiftPackageReference "firebase-ios-sdk" */ = {
			isa = XCRemoteSwiftPackageReference;
			repositoryURL = "https://github.com/firebase/firebase-ios-sdk";
			requirement = {
				kind = upToNextMajorVersion;
				minimumVersion = 9.0.0;
			};
		};
/* End XCRemoteSwiftPackageReference section */

/* Begin XCSwiftPackageProductDependency section */
		F425634428E6867800D8884E /* FirebaseAnalytics */ = {
			isa = XCSwiftPackageProductDependency;
			package = F425634328E6867800D8884E /* XCRemoteSwiftPackageReference "firebase-ios-sdk" */;
			productName = FirebaseAnalytics;
		};
/* End XCSwiftPackageProductDependency section */

/* Begin XCVersionGroup section */
		F479FB6128D44D730037B3F9 /* NewsApp.xcdatamodeld */ = {
			isa = XCVersionGroup;
			children = (
				F479FB6228D44D730037B3F9 /* FavoriteItem.xcdatamodel */,
			);
			currentVersion = F479FB6228D44D730037B3F9 /* FavoriteItem.xcdatamodel */;
			path = NewsApp.xcdatamodeld;
			sourceTree = "<group>";
			versionGroupType = wrapper.xcdatamodel;
		};
/* End XCVersionGroup section */
	};
	rootObject = 9575A728253860F900AFA2CC /* Project object */;
}
